
Microsoft Visual Studio Solution File, Format Version 12.00
Project("{FAE04EC0-301F-11D3-BF4B-00C04F79EFBC}") = "DddInPractice.Logic", "DddInPractice.Logic\DddInPractice.Logic.csproj", "{32318134-94A4-4A28-9308-8930BDCA6236}"
EndProject
Project("{FAE04EC0-301F-11D3-BF4B-00C04F79EFBC}") = "DddInPractice.Tests", "DddInPractice.Tests\DddInPractice.Tests.csproj", "{BC8F6F34-FA80-4BA3-A5DE-6A2F5ED3A8B0}"
EndProject
Global
	GlobalSection(SolutionConfigurationPlatforms) = preSolution
		Debug|Any CPU = Debug|Any CPU
		Release|Any CPU = Release|Any CPU
	EndGlobalSection
	GlobalSection(ProjectConfigurationPlatforms) = postSolution
		{32318134-94A4-4A28-9308-8930BDCA6236}.Debug|Any CPU.ActiveCfg = Debug|Any CPU
		{32318134-94A4-4A28-9308-8930BDCA6236}.Debug|Any CPU.Build.0 = Debug|Any CPU
		{32318134-94A4-4A28-9308-8930BDCA6236}.Release|Any CPU.ActiveCfg = Release|Any CPU
		{32318134-94A4-4A28-9308-8930BDCA6236}.Release|Any CPU.Build.0 = Release|Any CPU
		{BC8F6F34-FA80-4BA3-A5DE-6A2F5ED3A8B0}.Debug|Any CPU.ActiveCfg = Debug|Any CPU
		{BC8F6F34-FA80-4BA3-A5DE-6A2F5ED3A8B0}.Debug|Any CPU.Build.0 = Debug|Any CPU
		{BC8F6F34-FA80-4BA3-A5DE-6A2F5ED3A8B0}.Release|Any CPU.ActiveCfg = Release|Any CPU
		{BC8F6F34-FA80-4BA3-A5DE-6A2F5ED3A8B0}.Release|Any CPU.Build.0 = Release|Any CPU
	EndGlobalSection
EndGlobal
